
Microsoft Visual Studio Solution File, Format Version 12.00
# Visual Studio Version 16
VisualStudioVersion = 16.0.30611.23
MinimumVisualStudioVersion = 10.0.40219.1
Project("{9A19103F-16F7-4668-BE54-9A1E7A4F7556}") = "ContainerVervoer", "ContainerVervoer\ContainerVervoer.csproj", "{0144F96B-E3B6-4CFA-BB9D-2892FA027B5F}"
EndProject
Project("{9A19103F-16F7-4668-BE54-9A1E7A4F7556}") = "ContainerVervoer_Logic", "ContainerVervoer_Logic\ContainerVervoer_Logic.csproj", "{DE09D37D-87DA-4BD4-AB2B-AAED2CCBD8EE}"
EndProject
Project("{9A19103F-16F7-4668-BE54-9A1E7A4F7556}") = "ContainerVervoer_Form", "ContainerVervoer_Form\ContainerVervoer_Form.csproj", "{326FC556-67D9-4F3F-9B42-9919FECFE1C2}"
EndProject
Project("{FAE04EC0-301F-11D3-BF4B-00C04F79EFBC}") = "ContainerVervoer_FormUser", "ContainerVervoer_FormUser\ContainerVervoer_FormUser.csproj", "{32999BEF-456C-4C48-B205-9C1F9C38D4FB}"
EndProject
Global
	GlobalSection(SolutionConfigurationPlatforms) = preSolution
		Debug|Any CPU = Debug|Any CPU
		Release|Any CPU = Release|Any CPU
	EndGlobalSection
	GlobalSection(ProjectConfigurationPlatforms) = postSolution
		{0144F96B-E3B6-4CFA-BB9D-2892FA027B5F}.Debug|Any CPU.ActiveCfg = Debug|Any CPU
		{0144F96B-E3B6-4CFA-BB9D-2892FA027B5F}.Debug|Any CPU.Build.0 = Debug|Any CPU
		{0144F96B-E3B6-4CFA-BB9D-2892FA027B5F}.Release|Any CPU.ActiveCfg = Release|Any CPU
		{0144F96B-E3B6-4CFA-BB9D-2892FA027B5F}.Release|Any CPU.Build.0 = Release|Any CPU
		{DE09D37D-87DA-4BD4-AB2B-AAED2CCBD8EE}.Debug|Any CPU.ActiveCfg = Debug|Any CPU
		{DE09D37D-87DA-4BD4-AB2B-AAED2CCBD8EE}.Debug|Any CPU.Build.0 = Debug|Any CPU
		{DE09D37D-87DA-4BD4-AB2B-AAED2CCBD8EE}.Release|Any CPU.ActiveCfg = Release|Any CPU
		{DE09D37D-87DA-4BD4-AB2B-AAED2CCBD8EE}.Release|Any CPU.Build.0 = Release|Any CPU
		{326FC556-67D9-4F3F-9B42-9919FECFE1C2}.Debug|Any CPU.ActiveCfg = Debug|Any CPU
		{326FC556-67D9-4F3F-9B42-9919FECFE1C2}.Debug|Any CPU.Build.0 = Debug|Any CPU
		{326FC556-67D9-4F3F-9B42-9919FECFE1C2}.Release|Any CPU.ActiveCfg = Release|Any CPU
		{326FC556-67D9-4F3F-9B42-9919FECFE1C2}.Release|Any CPU.Build.0 = Release|Any CPU
		{32999BEF-456C-4C48-B205-9C1F9C38D4FB}.Debug|Any CPU.ActiveCfg = Debug|Any CPU
		{32999BEF-456C-4C48-B205-9C1F9C38D4FB}.Debug|Any CPU.Build.0 = Debug|Any CPU
		{32999BEF-456C-4C48-B205-9C1F9C38D4FB}.Release|Any CPU.ActiveCfg = Release|Any CPU
		{32999BEF-456C-4C48-B205-9C1F9C38D4FB}.Release|Any CPU.Build.0 = Release|Any CPU
	EndGlobalSection
	GlobalSection(SolutionProperties) = preSolution
		HideSolutionNode = FALSE
	EndGlobalSection
	GlobalSection(ExtensibilityGlobals) = postSolution
		SolutionGuid = {B176ADBE-E770-4562-A057-3F7ACA41A3A3}
	EndGlobalSection
EndGlobal
